
Microsoft Visual Studio Solution File, Format Version 12.00
# Visual Studio 2013
VisualStudioVersion = 12.0.31101.0
MinimumVisualStudioVersion = 10.0.40219.1
Project("{8BC9CEB8-8B4A-11D0-8D11-00A0C91BC942}") = "LicenseRegAlg", "LicenseRegAlg\LicenseRegAlg.vcxproj", "{60B09E59-0ECF-4DC1-8822-2558C4C74E53}"
EndProject
Project("{8BC9CEB8-8B4A-11D0-8D11-00A0C91BC942}") = "AppForPark", "AppForPark\AppForPark.vcxproj", "{6F6CA929-84C0-4B67-82D9-043B739F72BE}"
EndProject
Project("{8BC9CEB8-8B4A-11D0-8D11-00A0C91BC942}") = "cooltest", "cooltest\cooltest.vcxproj", "{D74F1099-4421-4772-B5A8-A6AA17964084}"
EndProject
Global
	GlobalSection(SolutionConfigurationPlatforms) = preSolution
		Debug|Win32 = Debug|Win32
		Release|Win32 = Release|Win32
	EndGlobalSection
	GlobalSection(ProjectConfigurationPlatforms) = postSolution
		{60B09E59-0ECF-4DC1-8822-2558C4C74E53}.Debug|Win32.ActiveCfg = Debug|Win32
		{60B09E59-0ECF-4DC1-8822-2558C4C74E53}.Debug|Win32.Build.0 = Debug|Win32
		{60B09E59-0ECF-4DC1-8822-2558C4C74E53}.Release|Win32.ActiveCfg = Release|Win32
		{60B09E59-0ECF-4DC1-8822-2558C4C74E53}.Release|Win32.Build.0 = Release|Win32
		{6F6CA929-84C0-4B67-82D9-043B739F72BE}.Debug|Win32.ActiveCfg = Debug|Win32
		{6F6CA929-84C0-4B67-82D9-043B739F72BE}.Debug|Win32.Build.0 = Debug|Win32
		{6F6CA929-84C0-4B67-82D9-043B739F72BE}.Release|Win32.ActiveCfg = Release|Win32
		{6F6CA929-84C0-4B67-82D9-043B739F72BE}.Release|Win32.Build.0 = Release|Win32
		{D74F1099-4421-4772-B5A8-A6AA17964084}.Debug|Win32.ActiveCfg = Debug|Win32
		{D74F1099-4421-4772-B5A8-A6AA17964084}.Debug|Win32.Build.0 = Debug|Win32
		{D74F1099-4421-4772-B5A8-A6AA17964084}.Release|Win32.ActiveCfg = Release|Win32
		{D74F1099-4421-4772-B5A8-A6AA17964084}.Release|Win32.Build.0 = Release|Win32
	EndGlobalSection
	GlobalSection(SolutionProperties) = preSolution
		HideSolutionNode = FALSE
	EndGlobalSection
EndGlobal
